// !$*UTF8*$!
{
	archiveVersion = 1;
	classes = {
	};
	objectVersion = 56;
	objects = {

/* Begin PBXBuildFile section */
		F43161012CCC3BF400A6BFA8 /* AppDelegate.swift in Sources */ = {isa = PBXBuildFile; fileRef = F43161002CCC3BF400A6BFA8 /* AppDelegate.swift */; };
		F43161032CCC3BF400A6BFA8 /* SceneDelegate.swift in Sources */ = {isa = PBXBuildFile; fileRef = F43161022CCC3BF400A6BFA8 /* SceneDelegate.swift */; };
		F43161052CCC3BF400A6BFA8 /* ViewController.swift in Sources */ = {isa = PBXBuildFile; fileRef = F43161042CCC3BF400A6BFA8 /* ViewController.swift */; };
		F431610A2CCC3BF500A6BFA8 /* Assets.xcassets in Resources */ = {isa = PBXBuildFile; fileRef = F43161092CCC3BF500A6BFA8 /* Assets.xcassets */; };
		F431610D2CCC3BF500A6BFA8 /* Base in Resources */ = {isa = PBXBuildFile; fileRef = F431610C2CCC3BF500A6BFA8 /* Base */; };
		F431611F2CD027EF00A6BFA8 /* TabBarController.swift in Sources */ = {isa = PBXBuildFile; fileRef = F431611E2CD027EF00A6BFA8 /* TabBarController.swift */; };
		F43161212CD0289B00A6BFA8 /* OnboardingViewController.swift in Sources */ = {isa = PBXBuildFile; fileRef = F43161202CD0289B00A6BFA8 /* OnboardingViewController.swift */; };
		F43161242CD02B1900A6BFA8 /* UIColor+RGBandHEX.swift in Sources */ = {isa = PBXBuildFile; fileRef = F43161232CD02B1900A6BFA8 /* UIColor+RGBandHEX.swift */; };
		F43161262CD02DFE00A6BFA8 /* SignInViewController.swift in Sources */ = {isa = PBXBuildFile; fileRef = F43161252CD02DFE00A6BFA8 /* SignInViewController.swift */; };
		F43161282CD02E2A00A6BFA8 /* ProfileViewController.swift in Sources */ = {isa = PBXBuildFile; fileRef = F43161272CD02E2A00A6BFA8 /* ProfileViewController.swift */; };
		F431612A2CD02E3B00A6BFA8 /* MainViewController.swift in Sources */ = {isa = PBXBuildFile; fileRef = F43161292CD02E3B00A6BFA8 /* MainViewController.swift */; };
		F431612C2CD02E4900A6BFA8 /* CartViewController.swift in Sources */ = {isa = PBXBuildFile; fileRef = F431612B2CD02E4900A6BFA8 /* CartViewController.swift */; };
		F431612E2CD02E7100A6BFA8 /* SideMenuViewController.swift in Sources */ = {isa = PBXBuildFile; fileRef = F431612D2CD02E7100A6BFA8 /* SideMenuViewController.swift */; };
		F431613A2CD2B04D00A6BFA8 /* Sen-Bold.ttf in Resources */ = {isa = PBXBuildFile; fileRef = F43161302CD2B04D00A6BFA8 /* Sen-Bold.ttf */; };
		F431613B2CD2B04D00A6BFA8 /* Sen-ExtraBold.ttf in Resources */ = {isa = PBXBuildFile; fileRef = F43161312CD2B04D00A6BFA8 /* Sen-ExtraBold.ttf */; };
		F431613C2CD2B04D00A6BFA8 /* Sen-Medium.ttf in Resources */ = {isa = PBXBuildFile; fileRef = F43161322CD2B04D00A6BFA8 /* Sen-Medium.ttf */; };
		F431613D2CD2B04D00A6BFA8 /* Sen-Regular.ttf in Resources */ = {isa = PBXBuildFile; fileRef = F43161332CD2B04D00A6BFA8 /* Sen-Regular.ttf */; };
		F431613E2CD2B04D00A6BFA8 /* Sen-SemiBold.ttf in Resources */ = {isa = PBXBuildFile; fileRef = F43161342CD2B04D00A6BFA8 /* Sen-SemiBold.ttf */; };
		F431613F2CD2B04D00A6BFA8 /* OFL.txt in Resources */ = {isa = PBXBuildFile; fileRef = F43161362CD2B04D00A6BFA8 /* OFL.txt */; };
		F43161402CD2B04D00A6BFA8 /* README.txt in Resources */ = {isa = PBXBuildFile; fileRef = F43161372CD2B04D00A6BFA8 /* README.txt */; };
		F43161412CD2B04D00A6BFA8 /* Sen-VariableFont_wght.ttf in Resources */ = {isa = PBXBuildFile; fileRef = F43161382CD2B04D00A6BFA8 /* Sen-VariableFont_wght.ttf */; };
		F43161432CD2B2B000A6BFA8 /* UIFont+Extention.swift in Sources */ = {isa = PBXBuildFile; fileRef = F43161422CD2B2B000A6BFA8 /* UIFont+Extention.swift */; };
/* End PBXBuildFile section */

/* Begin PBXFileReference section */
		F43160FD2CCC3BF400A6BFA8 /* Rollen.app */ = {isa = PBXFileReference; explicitFileType = wrapper.application; includeInIndex = 0; path = Rollen.app; sourceTree = BUILT_PRODUCTS_DIR; };
		F43161002CCC3BF400A6BFA8 /* AppDelegate.swift */ = {isa = PBXFileReference; lastKnownFileType = sourcecode.swift; path = AppDelegate.swift; sourceTree = "<group>"; };
		F43161022CCC3BF400A6BFA8 /* SceneDelegate.swift */ = {isa = PBXFileReference; lastKnownFileType = sourcecode.swift; path = SceneDelegate.swift; sourceTree = "<group>"; };
		F43161042CCC3BF400A6BFA8 /* ViewController.swift */ = {isa = PBXFileReference; lastKnownFileType = sourcecode.swift; path = ViewController.swift; sourceTree = "<group>"; };
		F43161092CCC3BF500A6BFA8 /* Assets.xcassets */ = {isa = PBXFileReference; lastKnownFileType = folder.assetcatalog; path = Assets.xcassets; sourceTree = "<group>"; };
		F431610C2CCC3BF500A6BFA8 /* Base */ = {isa = PBXFileReference; lastKnownFileType = file.storyboard; name = Base; path = Base.lproj/LaunchScreen.storyboard; sourceTree = "<group>"; };
		F431610E2CCC3BF500A6BFA8 /* Info.plist */ = {isa = PBXFileReference; lastKnownFileType = text.plist.xml; path = Info.plist; sourceTree = "<group>"; };
		F431611E2CD027EF00A6BFA8 /* TabBarController.swift */ = {isa = PBXFileReference; lastKnownFileType = sourcecode.swift; path = TabBarController.swift; sourceTree = "<group>"; };
		F43161202CD0289B00A6BFA8 /* OnboardingViewController.swift */ = {isa = PBXFileReference; lastKnownFileType = sourcecode.swift; path = OnboardingViewController.swift; sourceTree = "<group>"; };
		F43161232CD02B1900A6BFA8 /* UIColor+RGBandHEX.swift */ = {isa = PBXFileReference; lastKnownFileType = sourcecode.swift; path = "UIColor+RGBandHEX.swift"; sourceTree = "<group>"; };
		F43161252CD02DFE00A6BFA8 /* SignInViewController.swift */ = {isa = PBXFileReference; lastKnownFileType = sourcecode.swift; path = SignInViewController.swift; sourceTree = "<group>"; };
		F43161272CD02E2A00A6BFA8 /* ProfileViewController.swift */ = {isa = PBXFileReference; lastKnownFileType = sourcecode.swift; path = ProfileViewController.swift; sourceTree = "<group>"; };
		F43161292CD02E3B00A6BFA8 /* MainViewController.swift */ = {isa = PBXFileReference; lastKnownFileType = sourcecode.swift; path = MainViewController.swift; sourceTree = "<group>"; };
		F431612B2CD02E4900A6BFA8 /* CartViewController.swift */ = {isa = PBXFileReference; lastKnownFileType = sourcecode.swift; path = CartViewController.swift; sourceTree = "<group>"; };
		F431612D2CD02E7100A6BFA8 /* SideMenuViewController.swift */ = {isa = PBXFileReference; lastKnownFileType = sourcecode.swift; path = SideMenuViewController.swift; sourceTree = "<group>"; };
		F43161302CD2B04D00A6BFA8 /* Sen-Bold.ttf */ = {isa = PBXFileReference; lastKnownFileType = file; path = "Sen-Bold.ttf"; sourceTree = "<group>"; };
		F43161312CD2B04D00A6BFA8 /* Sen-ExtraBold.ttf */ = {isa = PBXFileReference; lastKnownFileType = file; path = "Sen-ExtraBold.ttf"; sourceTree = "<group>"; };
		F43161322CD2B04D00A6BFA8 /* Sen-Medium.ttf */ = {isa = PBXFileReference; lastKnownFileType = file; path = "Sen-Medium.ttf"; sourceTree = "<group>"; };
		F43161332CD2B04D00A6BFA8 /* Sen-Regular.ttf */ = {isa = PBXFileReference; lastKnownFileType = file; path = "Sen-Regular.ttf"; sourceTree = "<group>"; };
		F43161342CD2B04D00A6BFA8 /* Sen-SemiBold.ttf */ = {isa = PBXFileReference; lastKnownFileType = file; path = "Sen-SemiBold.ttf"; sourceTree = "<group>"; };
		F43161362CD2B04D00A6BFA8 /* OFL.txt */ = {isa = PBXFileReference; fileEncoding = 4; lastKnownFileType = text; path = OFL.txt; sourceTree = "<group>"; };
		F43161372CD2B04D00A6BFA8 /* README.txt */ = {isa = PBXFileReference; fileEncoding = 4; lastKnownFileType = text; path = README.txt; sourceTree = "<group>"; };
		F43161382CD2B04D00A6BFA8 /* Sen-VariableFont_wght.ttf */ = {isa = PBXFileReference; lastKnownFileType = file; path = "Sen-VariableFont_wght.ttf"; sourceTree = "<group>"; };
		F43161422CD2B2B000A6BFA8 /* UIFont+Extention.swift */ = {isa = PBXFileReference; lastKnownFileType = sourcecode.swift; path = "UIFont+Extention.swift"; sourceTree = "<group>"; };
/* End PBXFileReference section */

/* Begin PBXFrameworksBuildPhase section */
		F43160FA2CCC3BF400A6BFA8 /* Frameworks */ = {
			isa = PBXFrameworksBuildPhase;
			buildActionMask = 2147483647;
			files = (
			);
			runOnlyForDeploymentPostprocessing = 0;
		};
/* End PBXFrameworksBuildPhase section */

/* Begin PBXGroup section */
		F43160F42CCC3BF400A6BFA8 = {
			isa = PBXGroup;
			children = (
				F43160FF2CCC3BF400A6BFA8 /* Rollen */,
				F43160FE2CCC3BF400A6BFA8 /* Products */,
			);
			sourceTree = "<group>";
		};
		F43160FE2CCC3BF400A6BFA8 /* Products */ = {
			isa = PBXGroup;
			children = (
				F43160FD2CCC3BF400A6BFA8 /* Rollen.app */,
			);
			name = Products;
			sourceTree = "<group>";
		};
		F43160FF2CCC3BF400A6BFA8 /* Rollen */ = {
			isa = PBXGroup;
			children = (
				F43161222CD02A4500A6BFA8 /* Helpers */,
				F43161162CD0216500A6BFA8 /* Modules */,
				F43161152CCC3EB500A6BFA8 /* App */,
				F43161042CCC3BF400A6BFA8 /* ViewController.swift */,
				F43161142CCC3E6C00A6BFA8 /* Resources */,
			);
			path = Rollen;
			sourceTree = "<group>";
		};
		F43161142CCC3E6C00A6BFA8 /* Resources */ = {
			isa = PBXGroup;
			children = (
				F431612F2CD2B02400A6BFA8 /* Fonts */,
				F43161092CCC3BF500A6BFA8 /* Assets.xcassets */,
				F431610B2CCC3BF500A6BFA8 /* LaunchScreen.storyboard */,
				F431610E2CCC3BF500A6BFA8 /* Info.plist */,
			);
			path = Resources;
			sourceTree = "<group>";
		};
		F43161152CCC3EB500A6BFA8 /* App */ = {
			isa = PBXGroup;
			children = (
				F43161002CCC3BF400A6BFA8 /* AppDelegate.swift */,
				F43161022CCC3BF400A6BFA8 /* SceneDelegate.swift */,
			);
			path = App;
			sourceTree = "<group>";
		};
		F43161162CD0216500A6BFA8 /* Modules */ = {
			isa = PBXGroup;
			children = (
				F43161182CD021A300A6BFA8 /* Onboarding */,
				F43161172CD0218F00A6BFA8 /* SignInFlow */,
				F43161192CD021CD00A6BFA8 /* ProfileFlow */,
				F431611A2CD021DE00A6BFA8 /* MainFlow */,
				F431611B2CD021EA00A6BFA8 /* CartFlow */,
				F431611C2CD0220200A6BFA8 /* SideMenu */,
				F431611D2CD022DC00A6BFA8 /* TabBar */,
			);
			path = Modules;
			sourceTree = "<group>";
		};
		F43161172CD0218F00A6BFA8 /* SignInFlow */ = {
			isa = PBXGroup;
			children = (
				F43161252CD02DFE00A6BFA8 /* SignInViewController.swift */,
			);
			path = SignInFlow;
			sourceTree = "<group>";
		};
		F43161182CD021A300A6BFA8 /* Onboarding */ = {
			isa = PBXGroup;
			children = (
				F43161202CD0289B00A6BFA8 /* OnboardingViewController.swift */,
			);
			path = Onboarding;
			sourceTree = "<group>";
		};
		F43161192CD021CD00A6BFA8 /* ProfileFlow */ = {
			isa = PBXGroup;
			children = (
				F43161272CD02E2A00A6BFA8 /* ProfileViewController.swift */,
			);
			path = ProfileFlow;
			sourceTree = "<group>";
		};
		F431611A2CD021DE00A6BFA8 /* MainFlow */ = {
			isa = PBXGroup;
			children = (
				F43161292CD02E3B00A6BFA8 /* MainViewController.swift */,
			);
			path = MainFlow;
			sourceTree = "<group>";
		};
		F431611B2CD021EA00A6BFA8 /* CartFlow */ = {
			isa = PBXGroup;
			children = (
				F431612B2CD02E4900A6BFA8 /* CartViewController.swift */,
			);
			path = CartFlow;
			sourceTree = "<group>";
		};
		F431611C2CD0220200A6BFA8 /* SideMenu */ = {
			isa = PBXGroup;
			children = (
				F431612D2CD02E7100A6BFA8 /* SideMenuViewController.swift */,
			);
			path = SideMenu;
			sourceTree = "<group>";
		};
		F431611D2CD022DC00A6BFA8 /* TabBar */ = {
			isa = PBXGroup;
			children = (
				F431611E2CD027EF00A6BFA8 /* TabBarController.swift */,
			);
			path = TabBar;
			sourceTree = "<group>";
		};
		F43161222CD02A4500A6BFA8 /* Helpers */ = {
			isa = PBXGroup;
			children = (
				F43161232CD02B1900A6BFA8 /* UIColor+RGBandHEX.swift */,
				F43161422CD2B2B000A6BFA8 /* UIFont+Extention.swift */,
			);
			path = Helpers;
			sourceTree = "<group>";
		};
		F431612F2CD2B02400A6BFA8 /* Fonts */ = {
			isa = PBXGroup;
			children = (
				F43161392CD2B04D00A6BFA8 /* Sen */,
			);
			path = Fonts;
			sourceTree = "<group>";
		};
		F43161352CD2B04D00A6BFA8 /* static */ = {
			isa = PBXGroup;
			children = (
				F43161302CD2B04D00A6BFA8 /* Sen-Bold.ttf */,
				F43161312CD2B04D00A6BFA8 /* Sen-ExtraBold.ttf */,
				F43161322CD2B04D00A6BFA8 /* Sen-Medium.ttf */,
				F43161332CD2B04D00A6BFA8 /* Sen-Regular.ttf */,
				F43161342CD2B04D00A6BFA8 /* Sen-SemiBold.ttf */,
			);
			path = static;
			sourceTree = "<group>";
		};
		F43161392CD2B04D00A6BFA8 /* Sen */ = {
			isa = PBXGroup;
			children = (
				F43161352CD2B04D00A6BFA8 /* static */,
				F43161362CD2B04D00A6BFA8 /* OFL.txt */,
				F43161372CD2B04D00A6BFA8 /* README.txt */,
				F43161382CD2B04D00A6BFA8 /* Sen-VariableFont_wght.ttf */,
			);
			path = Sen;
			sourceTree = "<group>";
		};
/* End PBXGroup section */

/* Begin PBXNativeTarget section */
		F43160FC2CCC3BF400A6BFA8 /* Rollen */ = {
			isa = PBXNativeTarget;
			buildConfigurationList = F43161112CCC3BF500A6BFA8 /* Build configuration list for PBXNativeTarget "Rollen" */;
			buildPhases = (
				F43160F92CCC3BF400A6BFA8 /* Sources */,
				F43160FA2CCC3BF400A6BFA8 /* Frameworks */,
				F43160FB2CCC3BF400A6BFA8 /* Resources */,
			);
			buildRules = (
			);
			dependencies = (
			);
			name = Rollen;
			productName = Rollen;
			productReference = F43160FD2CCC3BF400A6BFA8 /* Rollen.app */;
			productType = "com.apple.product-type.application";
		};
/* End PBXNativeTarget section */

/* Begin PBXProject section */
		F43160F52CCC3BF400A6BFA8 /* Project object */ = {
			isa = PBXProject;
			attributes = {
				BuildIndependentTargetsInParallel = 1;
				LastSwiftUpdateCheck = 1530;
				LastUpgradeCheck = 1530;
				TargetAttributes = {
					F43160FC2CCC3BF400A6BFA8 = {
						CreatedOnToolsVersion = 15.3;
					};
				};
			};
			buildConfigurationList = F43160F82CCC3BF400A6BFA8 /* Build configuration list for PBXProject "Rollen" */;
			compatibilityVersion = "Xcode 14.0";
			developmentRegion = en;
			hasScannedForEncodings = 0;
			knownRegions = (
				en,
				Base,
			);
			mainGroup = F43160F42CCC3BF400A6BFA8;
			productRefGroup = F43160FE2CCC3BF400A6BFA8 /* Products */;
			projectDirPath = "";
			projectRoot = "";
			targets = (
				F43160FC2CCC3BF400A6BFA8 /* Rollen */,
			);
		};
/* End PBXProject section */

/* Begin PBXResourcesBuildPhase section */
		F43160FB2CCC3BF400A6BFA8 /* Resources */ = {
			isa = PBXResourcesBuildPhase;
			buildActionMask = 2147483647;
			files = (
				F431613D2CD2B04D00A6BFA8 /* Sen-Regular.ttf in Resources */,
				F43161402CD2B04D00A6BFA8 /* README.txt in Resources */,
				F431613C2CD2B04D00A6BFA8 /* Sen-Medium.ttf in Resources */,
				F431613E2CD2B04D00A6BFA8 /* Sen-SemiBold.ttf in Resources */,
				F43161412CD2B04D00A6BFA8 /* Sen-VariableFont_wght.ttf in Resources */,
				F431610A2CCC3BF500A6BFA8 /* Assets.xcassets in Resources */,
				F431613B2CD2B04D00A6BFA8 /* Sen-ExtraBold.ttf in Resources */,
				F431613A2CD2B04D00A6BFA8 /* Sen-Bold.ttf in Resources */,
				F431613F2CD2B04D00A6BFA8 /* OFL.txt in Resources */,
				F431610D2CCC3BF500A6BFA8 /* Base in Resources */,
			);
			runOnlyForDeploymentPostprocessing = 0;
		};
/* End PBXResourcesBuildPhase section */

/* Begin PBXSourcesBuildPhase section */
		F43160F92CCC3BF400A6BFA8 /* Sources */ = {
			isa = PBXSourcesBuildPhase;
			buildActionMask = 2147483647;
			files = (
				F43161262CD02DFE00A6BFA8 /* SignInViewController.swift in Sources */,
				F43161052CCC3BF400A6BFA8 /* ViewController.swift in Sources */,
				F431612C2CD02E4900A6BFA8 /* CartViewController.swift in Sources */,
				F43161432CD2B2B000A6BFA8 /* UIFont+Extention.swift in Sources */,
				F431611F2CD027EF00A6BFA8 /* TabBarController.swift in Sources */,
				F431612E2CD02E7100A6BFA8 /* SideMenuViewController.swift in Sources */,
				F43161212CD0289B00A6BFA8 /* OnboardingViewController.swift in Sources */,
				F43161012CCC3BF400A6BFA8 /* AppDelegate.swift in Sources */,
				F43161032CCC3BF400A6BFA8 /* SceneDelegate.swift in Sources */,
				F431612A2CD02E3B00A6BFA8 /* MainViewController.swift in Sources */,
				F43161282CD02E2A00A6BFA8 /* ProfileViewController.swift in Sources */,
				F43161242CD02B1900A6BFA8 /* UIColor+RGBandHEX.swift in Sources */,
			);
			runOnlyForDeploymentPostprocessing = 0;
		};
/* End PBXSourcesBuildPhase section */

/* Begin PBXVariantGroup section */
		F431610B2CCC3BF500A6BFA8 /* LaunchScreen.storyboard */ = {
			isa = PBXVariantGroup;
			children = (
				F431610C2CCC3BF500A6BFA8 /* Base */,
			);
			name = LaunchScreen.storyboard;
			sourceTree = "<group>";
		};
/* End PBXVariantGroup section */

/* Begin XCBuildConfiguration section */
		F431610F2CCC3BF500A6BFA8 /* Debug */ = {
			isa = XCBuildConfiguration;
			buildSettings = {
				ALWAYS_SEARCH_USER_PATHS = NO;
				ASSETCATALOG_COMPILER_GENERATE_SWIFT_ASSET_SYMBOL_EXTENSIONS = YES;
				CLANG_ANALYZER_NONNULL = YES;
				CLANG_ANALYZER_NUMBER_OBJECT_CONVERSION = YES_AGGRESSIVE;
				CLANG_CXX_LANGUAGE_STANDARD = "gnu++20";
				CLANG_ENABLE_MODULES = YES;
				CLANG_ENABLE_OBJC_ARC = YES;
				CLANG_ENABLE_OBJC_WEAK = YES;
				CLANG_WARN_BLOCK_CAPTURE_AUTORELEASING = YES;
				CLANG_WARN_BOOL_CONVERSION = YES;
				CLANG_WARN_COMMA = YES;
				CLANG_WARN_CONSTANT_CONVERSION = YES;
				CLANG_WARN_DEPRECATED_OBJC_IMPLEMENTATIONS = YES;
				CLANG_WARN_DIRECT_OBJC_ISA_USAGE = YES_ERROR;
				CLANG_WARN_DOCUMENTATION_COMMENTS = YES;
				CLANG_WARN_EMPTY_BODY = YES;
				CLANG_WARN_ENUM_CONVERSION = YES;
				CLANG_WARN_INFINITE_RECURSION = YES;
				CLANG_WARN_INT_CONVERSION = YES;
				CLANG_WARN_NON_LITERAL_NULL_CONVERSION = YES;
				CLANG_WARN_OBJC_IMPLICIT_RETAIN_SELF = YES;
				CLANG_WARN_OBJC_LITERAL_CONVERSION = YES;
				CLANG_WARN_OBJC_ROOT_CLASS = YES_ERROR;
				CLANG_WARN_QUOTED_INCLUDE_IN_FRAMEWORK_HEADER = YES;
				CLANG_WARN_RANGE_LOOP_ANALYSIS = YES;
				CLANG_WARN_STRICT_PROTOTYPES = YES;
				CLANG_WARN_SUSPICIOUS_MOVE = YES;
				CLANG_WARN_UNGUARDED_AVAILABILITY = YES_AGGRESSIVE;
				CLANG_WARN_UNREACHABLE_CODE = YES;
				CLANG_WARN__DUPLICATE_METHOD_MATCH = YES;
				COPY_PHASE_STRIP = NO;
				DEBUG_INFORMATION_FORMAT = dwarf;
				ENABLE_STRICT_OBJC_MSGSEND = YES;
				ENABLE_TESTABILITY = YES;
				ENABLE_USER_SCRIPT_SANDBOXING = YES;
				GCC_C_LANGUAGE_STANDARD = gnu17;
				GCC_DYNAMIC_NO_PIC = NO;
				GCC_NO_COMMON_BLOCKS = YES;
				GCC_OPTIMIZATION_LEVEL = 0;
				GCC_PREPROCESSOR_DEFINITIONS = (
					"DEBUG=1",
					"$(inherited)",
				);
				GCC_WARN_64_TO_32_BIT_CONVERSION = YES;
				GCC_WARN_ABOUT_RETURN_TYPE = YES_ERROR;
				GCC_WARN_UNDECLARED_SELECTOR = YES;
				GCC_WARN_UNINITIALIZED_AUTOS = YES_AGGRESSIVE;
				GCC_WARN_UNUSED_FUNCTION = YES;
				GCC_WARN_UNUSED_VARIABLE = YES;
				IPHONEOS_DEPLOYMENT_TARGET = 15.0;
				LOCALIZATION_PREFERS_STRING_CATALOGS = YES;
				MTL_ENABLE_DEBUG_INFO = INCLUDE_SOURCE;
				MTL_FAST_MATH = YES;
				ONLY_ACTIVE_ARCH = YES;
				SDKROOT = iphoneos;
				SWIFT_ACTIVE_COMPILATION_CONDITIONS = "DEBUG $(inherited)";
				SWIFT_OPTIMIZATION_LEVEL = "-Onone";
			};
			name = Debug;
		};
		F43161102CCC3BF500A6BFA8 /* Release */ = {
			isa = XCBuildConfiguration;
			buildSettings = {
				ALWAYS_SEARCH_USER_PATHS = NO;
				ASSETCATALOG_COMPILER_GENERATE_SWIFT_ASSET_SYMBOL_EXTENSIONS = YES;
				CLANG_ANALYZER_NONNULL = YES;
				CLANG_ANALYZER_NUMBER_OBJECT_CONVERSION = YES_AGGRESSIVE;
				CLANG_CXX_LANGUAGE_STANDARD = "gnu++20";
				CLANG_ENABLE_MODULES = YES;
				CLANG_ENABLE_OBJC_ARC = YES;
				CLANG_ENABLE_OBJC_WEAK = YES;
				CLANG_WARN_BLOCK_CAPTURE_AUTORELEASING = YES;
				CLANG_WARN_BOOL_CONVERSION = YES;
				CLANG_WARN_COMMA = YES;
				CLANG_WARN_CONSTANT_CONVERSION = YES;
				CLANG_WARN_DEPRECATED_OBJC_IMPLEMENTATIONS = YES;
				CLANG_WARN_DIRECT_OBJC_ISA_USAGE = YES_ERROR;
				CLANG_WARN_DOCUMENTATION_COMMENTS = YES;
				CLANG_WARN_EMPTY_BODY = YES;
				CLANG_WARN_ENUM_CONVERSION = YES;
				CLANG_WARN_INFINITE_RECURSION = YES;
				CLANG_WARN_INT_CONVERSION = YES;
				CLANG_WARN_NON_LITERAL_NULL_CONVERSION = YES;
				CLANG_WARN_OBJC_IMPLICIT_RETAIN_SELF = YES;
				CLANG_WARN_OBJC_LITERAL_CONVERSION = YES;
				CLANG_WARN_OBJC_ROOT_CLASS = YES_ERROR;
				CLANG_WARN_QUOTED_INCLUDE_IN_FRAMEWORK_HEADER = YES;
				CLANG_WARN_RANGE_LOOP_ANALYSIS = YES;
				CLANG_WARN_STRICT_PROTOTYPES = YES;
				CLANG_WARN_SUSPICIOUS_MOVE = YES;
				CLANG_WARN_UNGUARDED_AVAILABILITY = YES_AGGRESSIVE;
				CLANG_WARN_UNREACHABLE_CODE = YES;
				CLANG_WARN__DUPLICATE_METHOD_MATCH = YES;
				COPY_PHASE_STRIP = NO;
				DEBUG_INFORMATION_FORMAT = "dwarf-with-dsym";
				ENABLE_NS_ASSERTIONS = NO;
				ENABLE_STRICT_OBJC_MSGSEND = YES;
				ENABLE_USER_SCRIPT_SANDBOXING = YES;
				GCC_C_LANGUAGE_STANDARD = gnu17;
				GCC_NO_COMMON_BLOCKS = YES;
				GCC_WARN_64_TO_32_BIT_CONVERSION = YES;
				GCC_WARN_ABOUT_RETURN_TYPE = YES_ERROR;
				GCC_WARN_UNDECLARED_SELECTOR = YES;
				GCC_WARN_UNINITIALIZED_AUTOS = YES_AGGRESSIVE;
				GCC_WARN_UNUSED_FUNCTION = YES;
				GCC_WARN_UNUSED_VARIABLE = YES;
				IPHONEOS_DEPLOYMENT_TARGET = 15.0;
				LOCALIZATION_PREFERS_STRING_CATALOGS = YES;
				MTL_ENABLE_DEBUG_INFO = NO;
				MTL_FAST_MATH = YES;
				SDKROOT = iphoneos;
				SWIFT_COMPILATION_MODE = wholemodule;
				VALIDATE_PRODUCT = YES;
			};
			name = Release;
		};
		F43161122CCC3BF500A6BFA8 /* Debug */ = {
			isa = XCBuildConfiguration;
			buildSettings = {
				ASSETCATALOG_COMPILER_APPICON_NAME = AppIcon;
				ASSETCATALOG_COMPILER_GLOBAL_ACCENT_COLOR_NAME = AccentColor;
				CODE_SIGN_STYLE = Automatic;
				CURRENT_PROJECT_VERSION = 1;
				DEVELOPMENT_TEAM = 2NHQFJT4NM;
				GENERATE_INFOPLIST_FILE = YES;
				INFOPLIST_FILE = Rollen/Resources/Info.plist;
				INFOPLIST_KEY_UIApplicationSupportsIndirectInputEvents = YES;
				INFOPLIST_KEY_UILaunchStoryboardName = LaunchScreen;
				INFOPLIST_KEY_UISupportedInterfaceOrientations_iPad = "UIInterfaceOrientationPortrait UIInterfaceOrientationPortraitUpsideDown UIInterfaceOrientationLandscapeLeft UIInterfaceOrientationLandscapeRight";
				INFOPLIST_KEY_UISupportedInterfaceOrientations_iPhone = "UIInterfaceOrientationPortrait UIInterfaceOrientationLandscapeLeft UIInterfaceOrientationLandscapeRight";
				LD_RUNPATH_SEARCH_PATHS = (
					"$(inherited)",
					"@executable_path/Frameworks",
				);
				MARKETING_VERSION = 1.0;
				PRODUCT_BUNDLE_IDENTIFIER = DV.Rollen;
				PRODUCT_NAME = "$(TARGET_NAME)";
				SUPPORTED_PLATFORMS = "iphoneos iphonesimulator";
				SUPPORTS_MACCATALYST = NO;
				SUPPORTS_MAC_DESIGNED_FOR_IPHONE_IPAD = NO;
				SUPPORTS_XR_DESIGNED_FOR_IPHONE_IPAD = NO;
				SWIFT_EMIT_LOC_STRINGS = YES;
				SWIFT_VERSION = 5.0;
				TARGETED_DEVICE_FAMILY = 1;
			};
			name = Debug;
		};
		F43161132CCC3BF500A6BFA8 /* Release */ = {
			isa = XCBuildConfiguration;
			buildSettings = {
				ASSETCATALOG_COMPILER_APPICON_NAME = AppIcon;
				ASSETCATALOG_COMPILER_GLOBAL_ACCENT_COLOR_NAME = AccentColor;
				CODE_SIGN_STYLE = Automatic;
				CURRENT_PROJECT_VERSION = 1;
				DEVELOPMENT_TEAM = 2NHQFJT4NM;
				GENERATE_INFOPLIST_FILE = YES;
				INFOPLIST_FILE = Rollen/Resources/Info.plist;
				INFOPLIST_KEY_UIApplicationSupportsIndirectInputEvents = YES;
				INFOPLIST_KEY_UILaunchStoryboardName = LaunchScreen;
				INFOPLIST_KEY_UISupportedInterfaceOrientations_iPad = "UIInterfaceOrientationPortrait UIInterfaceOrientationPortraitUpsideDown UIInterfaceOrientationLandscapeLeft UIInterfaceOrientationLandscapeRight";
				INFOPLIST_KEY_UISupportedInterfaceOrientations_iPhone = "UIInterfaceOrientationPortrait UIInterfaceOrientationLandscapeLeft UIInterfaceOrientationLandscapeRight";
				LD_RUNPATH_SEARCH_PATHS = (
					"$(inherited)",
					"@executable_path/Frameworks",
				);
				MARKETING_VERSION = 1.0;
				PRODUCT_BUNDLE_IDENTIFIER = DV.Rollen;
				PRODUCT_NAME = "$(TARGET_NAME)";
				SUPPORTED_PLATFORMS = "iphoneos iphonesimulator";
				SUPPORTS_MACCATALYST = NO;
				SUPPORTS_MAC_DESIGNED_FOR_IPHONE_IPAD = NO;
				SUPPORTS_XR_DESIGNED_FOR_IPHONE_IPAD = NO;
				SWIFT_EMIT_LOC_STRINGS = YES;
				SWIFT_VERSION = 5.0;
				TARGETED_DEVICE_FAMILY = 1;
			};
			name = Release;
		};
/* End XCBuildConfiguration section */

/* Begin XCConfigurationList section */
		F43160F82CCC3BF400A6BFA8 /* Build configuration list for PBXProject "Rollen" */ = {
			isa = XCConfigurationList;
			buildConfigurations = (
				F431610F2CCC3BF500A6BFA8 /* Debug */,
				F43161102CCC3BF500A6BFA8 /* Release */,
			);
			defaultConfigurationIsVisible = 0;
			defaultConfigurationName = Release;
		};
		F43161112CCC3BF500A6BFA8 /* Build configuration list for PBXNativeTarget "Rollen" */ = {
			isa = XCConfigurationList;
			buildConfigurations = (
				F43161122CCC3BF500A6BFA8 /* Debug */,
				F43161132CCC3BF500A6BFA8 /* Release */,
			);
			defaultConfigurationIsVisible = 0;
			defaultConfigurationName = Release;
		};
/* End XCConfigurationList section */
	};
	rootObject = F43160F52CCC3BF400A6BFA8 /* Project object */;
}
